
Microsoft Visual Studio Solution File, Format Version 12.00
# Visual Studio Version 16
VisualStudioVersion = 16.0.33529.622
MinimumVisualStudioVersion = 10.0.40219.1
Project("{FAE04EC0-301F-11D3-BF4B-00C04F79EFBC}") = "NextionApp", "NextionApp\NextionApp.csproj", "{AFDB0720-0B6D-4140-9A06-75BCF13FEBCE}"
EndProject
Global
	GlobalSection(SolutionConfigurationPlatforms) = preSolution
		Debug|Any CPU = Debug|Any CPU
		Release|Any CPU = Release|Any CPU
	EndGlobalSection
	GlobalSection(ProjectConfigurationPlatforms) = postSolution
		{AFDB0720-0B6D-4140-9A06-75BCF13FEBCE}.Debug|Any CPU.ActiveCfg = Debug|Any CPU
		{AFDB0720-0B6D-4140-9A06-75BCF13FEBCE}.Debug|Any CPU.Build.0 = Debug|Any CPU
		{AFDB0720-0B6D-4140-9A06-75BCF13FEBCE}.Release|Any CPU.ActiveCfg = Release|Any CPU
		{AFDB0720-0B6D-4140-9A06-75BCF13FEBCE}.Release|Any CPU.Build.0 = Release|Any CPU
	EndGlobalSection
	GlobalSection(SolutionProperties) = preSolution
		HideSolutionNode = FALSE
	EndGlobalSection
	GlobalSection(ExtensibilityGlobals) = postSolution
		SolutionGuid = {7077CDDB-B6BE-4895-B409-09F5BED80991}
	EndGlobalSection
EndGlobal
